
Microsoft Visual Studio Solution File, Format Version 12.00
# Visual Studio Version 17
VisualStudioVersion = 17.3.32825.248
MinimumVisualStudioVersion = 10.0.40219.1
Project("{FAE04EC0-301F-11D3-BF4B-00C04F79EFBC}") = "U001-Login Form", "U001-Login Form\U001-Login Form.csproj", "{6A6D667A-783C-403C-8F11-DF465B5AAADA}"
EndProject
Global
	GlobalSection(SolutionConfigurationPlatforms) = preSolution
		Debug|Any CPU = Debug|Any CPU
		Release|Any CPU = Release|Any CPU
	EndGlobalSection
	GlobalSection(ProjectConfigurationPlatforms) = postSolution
		{6A6D667A-783C-403C-8F11-DF465B5AAADA}.Debug|Any CPU.ActiveCfg = Debug|Any CPU
		{6A6D667A-783C-403C-8F11-DF465B5AAADA}.Debug|Any CPU.Build.0 = Debug|Any CPU
		{6A6D667A-783C-403C-8F11-DF465B5AAADA}.Release|Any CPU.ActiveCfg = Release|Any CPU
		{6A6D667A-783C-403C-8F11-DF465B5AAADA}.Release|Any CPU.Build.0 = Release|Any CPU
	EndGlobalSection
	GlobalSection(SolutionProperties) = preSolution
		HideSolutionNode = FALSE
	EndGlobalSection
	GlobalSection(ExtensibilityGlobals) = postSolution
		SolutionGuid = {D2812015-6C89-450A-94DF-AFE60422C215}
	EndGlobalSection
EndGlobal
